<?xml version="1.0" encoding="UTF-8" standalone="yes" ?>
<CodeBlocks_project_file>
	<FileVersion major="1" minor="6" />
	<Project>
		<Option title="ogg-codecs" />
		<Option pch_mode="2" />
		<Option compiler="gcc" />
		<Build>
			<Target title="Debug">
				<Option output="bin/Debug/ogg-codecs" prefix_auto="1" extension_auto="1" />
				<Option object_output="obj/Debug/" />
				<Option type="3" />
				<Option compiler="gcc" />
				<Option createDefFile="1" />
				<Option createStaticLib="1" />
				<Compiler>
					<Add option="-Wall" />
					<Add option="-g" />
					<Add option="-DBUILD_DLL" />
					<Add directory="include" />
				</Compiler>
				<Linker>
					<Add library="user32" />
				</Linker>
			</Target>
			<Target title="Release">
				<Option output="bin/Release/ogg-codecs" prefix_auto="1" extension_auto="1" />
				<Option object_output="obj/Release/" />
				<Option type="3" />
				<Option compiler="gcc" />
				<Option createDefFile="1" />
				<Option createStaticLib="1" />
				<Compiler>
					<Add option="-Wall" />
					<Add option="-DBUILD_DLL" />
					<Add option="-O2" />
				</Compiler>
				<Linker>
					<Add option="-s" />
					<Add library="user32" />
				</Linker>
			</Target>
		</Build>
		<Unit filename="include/ogg/ogg.h" />
		<Unit filename="include/ogg/os_types.h" />
		<Unit filename="main.cpp" />
		<Unit filename="ogg_test/hex_dump.c">
			<Option compilerVar="CC" />
		</Unit>
		<Unit filename="ogg_test/hex_dump.h" />
		<Unit filename="ogg_test/ogg_decoder.c">
			<Option compilerVar="CC" />
		</Unit>
		<Unit filename="ogg_test/ogg_decoder.h" />
		<Unit filename="ogg_test/ogg_encoder.c">
			<Option compilerVar="CC" />
		</Unit>
		<Unit filename="ogg_test/ogg_encoder.h" />
		<Unit filename="ogg_test/ogg_encoder_test.c">
			<Option compilerVar="CC" />
		</Unit>
		<Unit filename="ogg_test/ogg_encoder_test.h" />
		<Unit filename="ogg_test/ogg_test.c">
			<Option compilerVar="CC" />
		</Unit>
		<Unit filename="ogg_test/ogg_test.h" />
		<Unit filename="src/bitwise.c">
			<Option compilerVar="CC" />
		</Unit>
		<Unit filename="src/crctable.h" />
		<Unit filename="src/framing.c">
			<Option compilerVar="CC" />
		</Unit>
		<Extensions>
			<lib_finder disable_auto="1" />
		</Extensions>
	</Project>
</CodeBlocks_project_file>
